
Microsoft Visual Studio Solution File, Format Version 12.00
# Visual Studio 2015
Project("{FAE04EC0-301F-11D3-BF4B-00C04F79EFBC}") = "New Unity Project_AV.CSharp", "New Unity Project_AV.CSharp.csproj", "{21F9D850-7C61-9375-BF33-12CAE01B0091}"
EndProject
Project("{FAE04EC0-301F-11D3-BF4B-00C04F79EFBC}") = "New Unity Project_AV.CSharp.Editor", "New Unity Project_AV.CSharp.Editor.csproj", "{C59A147E-6DED-437B-CFAD-FDADA46F7C34}"
EndProject
Global
	GlobalSection(SolutionConfigurationPlatforms) = preSolution
		Debug|Any CPU = Debug|Any CPU
		Release|Any CPU = Release|Any CPU
	EndGlobalSection
	GlobalSection(ProjectConfigurationPlatforms) = postSolution
		{21F9D850-7C61-9375-BF33-12CAE01B0091}.Debug|Any CPU.ActiveCfg = Debug|Any CPU
		{21F9D850-7C61-9375-BF33-12CAE01B0091}.Debug|Any CPU.Build.0 = Debug|Any CPU
		{21F9D850-7C61-9375-BF33-12CAE01B0091}.Release|Any CPU.ActiveCfg = Release|Any CPU
		{21F9D850-7C61-9375-BF33-12CAE01B0091}.Release|Any CPU.Build.0 = Release|Any CPU
		{C59A147E-6DED-437B-CFAD-FDADA46F7C34}.Debug|Any CPU.ActiveCfg = Debug|Any CPU
		{C59A147E-6DED-437B-CFAD-FDADA46F7C34}.Debug|Any CPU.Build.0 = Debug|Any CPU
		{C59A147E-6DED-437B-CFAD-FDADA46F7C34}.Release|Any CPU.ActiveCfg = Release|Any CPU
		{C59A147E-6DED-437B-CFAD-FDADA46F7C34}.Release|Any CPU.Build.0 = Release|Any CPU
	EndGlobalSection
	GlobalSection(SolutionProperties) = preSolution
		HideSolutionNode = FALSE
	EndGlobalSection
EndGlobal
